{
  "name": "skill-sharing-website",
  "version": "1.0.0",
  "lockfileVersion": 1,
  "requires": true,
  "dependencies": {
    "ecstatic": {
      "version": "3.3.0",
      "resolved": "https://repository.deere.com/artifactory/api/npm/deere-ui-mjd/ecstatic/-/ecstatic-3.3.0.tgz?dl=https://registry.npmjs.org/ecstatic/-/ecstatic-3.3.0.tgz",
      "integrity": "sha1-kc1BfRUqv4Wzexqz6/O9Jc3GToA=",
      "requires": {
        "he": "^1.1.1",
        "mime": "^1.6.0",
        "minimist": "^1.1.0",
        "url-join": "^2.0.5"
      }
    },
    "he": {
      "version": "1.2.0",
      "resolved": "https://repository.deere.com/artifactory/api/npm/deere-ui-mjd/he/-/he-1.2.0.tgz?dl=https://registry.npmjs.org/he/-/he-1.2.0.tgz",
      "integrity": "sha1-hK5l+n6vsWX922FWauFLrwVmTw8="
    },
    "mime": {
      "version": "1.6.0",
      "resolved": "https://repository.deere.com/artifactory/api/npm/deere-ui-mjd/mime/-/mime-1.6.0.tgz?dl=https://registry.npmjs.org/mime/-/mime-1.6.0.tgz",
      "integrity": "sha1-Ms2eXGRVO9WNGaVor0Uqz/BJgbE="
    },
    "minimist": {
      "version": "1.2.0",
      "resolved": "https://repository.deere.com/artifactory/api/npm/deere-ui-mjd/minimist/-/minimist-1.2.0.tgz?dl=https://registry.npmjs.org/minimist/-/minimist-1.2.0.tgz",
      "integrity": "sha1-o1AIsg9BOD7sH7kU9M1d95omQoQ="
    },
    "url-join": {
      "version": "2.0.5",
      "resolved": "https://repository.deere.com/artifactory/api/npm/deere-ui-mjd/url-join/-/url-join-2.0.5.tgz?dl=https://registry.npmjs.org/url-join/-/url-join-2.0.5.tgz",
      "integrity": "sha1-WvIvGMBSoACkjXuCxenC4v7tpyg="
    }
  }
}
